{
  "name": "ajs-repo2",
  "version": "1.0.0",
  "lockfileVersion": 1,
  "requires": true,
  "dependencies": {
    "@ahtimir/ajs-platforms": {
      "version": "1.0.0",
      "resolved": "https://npm.pkg.github.com/download/@ahtimir/ajs-platforms/1.0.0/6039259d0e9e29dab9f6523ea2e876bea47f4bd104778c161508748d6b04e127",
      "integrity": "sha512-QjOHwHT9Lk0BM9ZA7Om7K7rGWQrfHjq8LuEIvuGKBAmPtazWCIWBCrAcbnw8J5/Qaq7y8ZKk3grLopZwSIHTfA=="
    }
  }
}
